
Microsoft Visual Studio Solution File, Format Version 12.00
# Visual Studio Version 16
VisualStudioVersion = 16.0.30611.23
MinimumVisualStudioVersion = 10.0.40219.1
Project("{FAE04EC0-301F-11D3-BF4B-00C04F79EFBC}") = "PaymentHandler", "PaymentHandler.csproj", "{27F083D9-BBCF-4A41-A2E2-DC2FC095A3FC}"
EndProject
Global
	GlobalSection(SolutionConfigurationPlatforms) = preSolution
		Debug|Any CPU = Debug|Any CPU
		Release|Any CPU = Release|Any CPU
	EndGlobalSection
	GlobalSection(ProjectConfigurationPlatforms) = postSolution
		{27F083D9-BBCF-4A41-A2E2-DC2FC095A3FC}.Debug|Any CPU.ActiveCfg = Debug|Any CPU
		{27F083D9-BBCF-4A41-A2E2-DC2FC095A3FC}.Debug|Any CPU.Build.0 = Debug|Any CPU
		{27F083D9-BBCF-4A41-A2E2-DC2FC095A3FC}.Release|Any CPU.ActiveCfg = Release|Any CPU
		{27F083D9-BBCF-4A41-A2E2-DC2FC095A3FC}.Release|Any CPU.Build.0 = Release|Any CPU
	EndGlobalSection
	GlobalSection(SolutionProperties) = preSolution
		HideSolutionNode = FALSE
	EndGlobalSection
	GlobalSection(ExtensibilityGlobals) = postSolution
		SolutionGuid = {FFBBFFB0-3075-4737-88A4-CD9C04E12C8B}
	EndGlobalSection
EndGlobal
